# This file is generated by running "yarn install" inside your project.
# Manual changes might be lost - proceed with caution!

__metadata:
  version: 6
  cacheKey: 8c0

"@adraffy/ens-normalize@npm:^1.8.8":
  version: 1.10.1
  resolution: "@adraffy/ens-normalize@npm:1.10.1"
  checksum: fdd647604e8fac6204921888aaf5a6bc65eabf0d2921bc5f93b64d01f4bc33ead167c1445f7de05468d05cd92ac31b74c68d2be840c62b79d73693308f885c06
  languageName: node
  linkType: hard

"@ethereumjs/rlp@npm:^4.0.1":
  version: 4.0.1
  resolution: "@ethereumjs/rlp@npm:4.0.1"
  bin:
    rlp: bin/rlp
  checksum: 78379f288e9d88c584c2159c725c4a667a9742981d638bad760ed908263e0e36bdbd822c0a902003e0701195fd1cbde7adad621cd97fdfbf552c45e835ce022c
  languageName: node
  linkType: hard

"@noble/curves@npm:1.3.0, @noble/curves@npm:~1.3.0":
  version: 1.3.0
  resolution: "@noble/curves@npm:1.3.0"
  dependencies:
    "@noble/hashes": 1.3.3
  checksum: 704bf8fda8e1365a9bb9e9945bd06645ef4ce85aa2fac5594abe09f19889197518152319481b89a271e0ee011787bd2ee87202441500bca7ca587a2c3ac10b01
  languageName: node
  linkType: hard

"@noble/hashes@npm:1.3.3, @noble/hashes@npm:~1.3.2":
  version: 1.3.3
  resolution: "@noble/hashes@npm:1.3.3"
  checksum: 23c020b33da4172c988e44100e33cd9f8f6250b68b43c467d3551f82070ebd9716e0d9d2347427aa3774c85934a35fa9ee6f026fca2117e3fa12db7bedae7668
  languageName: node
  linkType: hard

"@scure/base@npm:~1.1.4":
  version: 1.1.5
  resolution: "@scure/base@npm:1.1.5"
  checksum: 6eb07be0202fac74a57c79d0d00a45f6f7e57447010c1e3d90a4275d197829727b7abc54b248fc6f9bef9ae374f7be5ee9154dde5b5b73da773560bf17aa8504
  languageName: node
  linkType: hard

"@scure/bip32@npm:1.3.3":
  version: 1.3.3
  resolution: "@scure/bip32@npm:1.3.3"
  dependencies:
    "@noble/curves": ~1.3.0
    "@noble/hashes": ~1.3.2
    "@scure/base": ~1.1.4
  checksum: 48fa04ebf0e3b56e3d086f029ae207ea753d8d8a1b3564f3c80fafea63dc3ee4edbd21e44eadb79bd4de4afffb075cbbbcb258fd5030a9680065cb524424eb83
  languageName: node
  linkType: hard

"@scure/bip39@npm:1.2.2":
  version: 1.2.2
  resolution: "@scure/bip39@npm:1.2.2"
  dependencies:
    "@noble/hashes": ~1.3.2
    "@scure/base": ~1.1.4
  checksum: be38bc1dc10b9a763d8b02d91dc651a4f565c822486df6cb1d3cc84896c1aab3ef6acbf7b3dc7e4a981bc9366086a4d72020aa21e11a692734a750de049c887c
  languageName: node
  linkType: hard

"@types/node@npm:*":
  version: 20.11.26
  resolution: "@types/node@npm:20.11.26"
  dependencies:
    undici-types: ~5.26.4
  checksum: 2df81e4f109588c4c490f2c7d616a06d2b3b9298f217468134b80711af810c9a6017a59beb3e6b1c596eb9b6c5a39d33403b99179acb89006badfbc55f2468bb
  languageName: node
  linkType: hard

"@types/ws@npm:8.5.3":
  version: 8.5.3
  resolution: "@types/ws@npm:8.5.3"
  dependencies:
    "@types/node": "*"
  checksum: af36857b804e6df615b401bacf34e9312f073ed9dbeda35be16ee3352d18a4449f27066169893166a6ec17ae51557c3adf8d232ac4a4a0226aafb3267e1f1b39
  languageName: node
  linkType: hard

"abitype@npm:0.7.1":
  version: 0.7.1
  resolution: "abitype@npm:0.7.1"
  peerDependencies:
    typescript: ">=4.9.4"
    zod: ^3 >=3.19.1
  peerDependenciesMeta:
    zod:
      optional: true
  checksum: c95386afc8438b29d09fcb6d7bc3a457958ab0a472483a363bdb9bf9f42e1b90ab5b05a16f04b653ad0bf79f4451233fe35fc6c7a04b66cb4eba9df7d8e49f12
  languageName: node
  linkType: hard

"available-typed-arrays@npm:^1.0.7":
  version: 1.0.7
  resolution: "available-typed-arrays@npm:1.0.7"
  dependencies:
    possible-typed-array-names: ^1.0.0
  checksum: d07226ef4f87daa01bd0fe80f8f310982e345f372926da2e5296aecc25c41cab440916bbaa4c5e1034b453af3392f67df5961124e4b586df1e99793a1374bdb2
  languageName: node
  linkType: hard

"call-bind@npm:^1.0.2, call-bind@npm:^1.0.7":
  version: 1.0.7
  resolution: "call-bind@npm:1.0.7"
  dependencies:
    es-define-property: ^1.0.0
    es-errors: ^1.3.0
    function-bind: ^1.1.2
    get-intrinsic: ^1.2.4
    set-function-length: ^1.2.1
  checksum: a3ded2e423b8e2a265983dba81c27e125b48eefb2655e7dfab6be597088da3d47c47976c24bc51b8fd9af1061f8f87b4ab78a314f3c77784b2ae2ba535ad8b8d
  languageName: node
  linkType: hard

"crc-32@npm:^1.2.2":
  version: 1.2.2
  resolution: "crc-32@npm:1.2.2"
  bin:
    crc32: bin/crc32.njs
  checksum: 11dcf4a2e77ee793835d49f2c028838eae58b44f50d1ff08394a610bfd817523f105d6ae4d9b5bef0aad45510f633eb23c903e9902e4409bed1ce70cb82b9bf0
  languageName: node
  linkType: hard

"cross-fetch@npm:^4.0.0":
  version: 4.0.0
  resolution: "cross-fetch@npm:4.0.0"
  dependencies:
    node-fetch: ^2.6.12
  checksum: 386727dc4c6b044746086aced959ff21101abb85c43df5e1d151547ccb6f338f86dec3f28b9dbddfa8ff5b9ec8662ed2263ad4607a93b2dc354fb7fe3bbb898a
  languageName: node
  linkType: hard

"define-data-property@npm:^1.1.4":
  version: 1.1.4
  resolution: "define-data-property@npm:1.1.4"
  dependencies:
    es-define-property: ^1.0.0
    es-errors: ^1.3.0
    gopd: ^1.0.1
  checksum: dea0606d1483eb9db8d930d4eac62ca0fa16738b0b3e07046cddfacf7d8c868bbe13fa0cb263eb91c7d0d527960dc3f2f2471a69ed7816210307f6744fe62e37
  languageName: node
  linkType: hard

"es-define-property@npm:^1.0.0":
  version: 1.0.0
  resolution: "es-define-property@npm:1.0.0"
  dependencies:
    get-intrinsic: ^1.2.4
  checksum: 6bf3191feb7ea2ebda48b577f69bdfac7a2b3c9bcf97307f55fd6ef1bbca0b49f0c219a935aca506c993d8c5d8bddd937766cb760cd5e5a1071351f2df9f9aa4
  languageName: node
  linkType: hard

"es-errors@npm:^1.3.0":
  version: 1.3.0
  resolution: "es-errors@npm:1.3.0"
  checksum: 0a61325670072f98d8ae3b914edab3559b6caa980f08054a3b872052640d91da01d38df55df797fcc916389d77fc92b8d5906cf028f4db46d7e3003abecbca85
  languageName: node
  linkType: hard

"ethereum-cryptography@npm:^2.0.0":
  version: 2.1.3
  resolution: "ethereum-cryptography@npm:2.1.3"
  dependencies:
    "@noble/curves": 1.3.0
    "@noble/hashes": 1.3.3
    "@scure/bip32": 1.3.3
    "@scure/bip39": 1.2.2
  checksum: a2f25ad5ffa44b4364b1540a57969ee6f1dd820aa08a446f40f31203fef54a09442a6c099e70e7c1485922f6391c4c45b90f2c401e04d88ac9cc4611b05e606f
  languageName: node
  linkType: hard

"eventemitter3@npm:^5.0.1":
  version: 5.0.1
  resolution: "eventemitter3@npm:5.0.1"
  checksum: 4ba5c00c506e6c786b4d6262cfbce90ddc14c10d4667e5c83ae993c9de88aa856033994dd2b35b83e8dc1170e224e66a319fa80adc4c32adcd2379bbc75da814
  languageName: node
  linkType: hard

"for-each@npm:^0.3.3":
  version: 0.3.3
  resolution: "for-each@npm:0.3.3"
  dependencies:
    is-callable: ^1.1.3
  checksum: 22330d8a2db728dbf003ec9182c2d421fbcd2969b02b4f97ec288721cda63eb28f2c08585ddccd0f77cb2930af8d958005c9e72f47141dc51816127a118f39aa
  languageName: node
  linkType: hard

"function-bind@npm:^1.1.2":
  version: 1.1.2
  resolution: "function-bind@npm:1.1.2"
  checksum: d8680ee1e5fcd4c197e4ac33b2b4dce03c71f4d91717292785703db200f5c21f977c568d28061226f9b5900cbcd2c84463646134fd5337e7925e0942bc3f46d5
  languageName: node
  linkType: hard

"get-intrinsic@npm:^1.1.3, get-intrinsic@npm:^1.2.4":
  version: 1.2.4
  resolution: "get-intrinsic@npm:1.2.4"
  dependencies:
    es-errors: ^1.3.0
    function-bind: ^1.1.2
    has-proto: ^1.0.1
    has-symbols: ^1.0.3
    hasown: ^2.0.0
  checksum: 0a9b82c16696ed6da5e39b1267104475c47e3a9bdbe8b509dfe1710946e38a87be70d759f4bb3cda042d76a41ef47fe769660f3b7c0d1f68750299344ffb15b7
  languageName: node
  linkType: hard

"gopd@npm:^1.0.1":
  version: 1.0.1
  resolution: "gopd@npm:1.0.1"
  dependencies:
    get-intrinsic: ^1.1.3
  checksum: 505c05487f7944c552cee72087bf1567debb470d4355b1335f2c262d218ebbff805cd3715448fe29b4b380bae6912561d0467233e4165830efd28da241418c63
  languageName: node
  linkType: hard

"has-property-descriptors@npm:^1.0.2":
  version: 1.0.2
  resolution: "has-property-descriptors@npm:1.0.2"
  dependencies:
    es-define-property: ^1.0.0
  checksum: 253c1f59e80bb476cf0dde8ff5284505d90c3bdb762983c3514d36414290475fe3fd6f574929d84de2a8eec00d35cf07cb6776205ff32efd7c50719125f00236
  languageName: node
  linkType: hard

"has-proto@npm:^1.0.1":
  version: 1.0.3
  resolution: "has-proto@npm:1.0.3"
  checksum: 35a6989f81e9f8022c2f4027f8b48a552de714938765d019dbea6bb547bd49ce5010a3c7c32ec6ddac6e48fc546166a3583b128f5a7add8b058a6d8b4afec205
  languageName: node
  linkType: hard

"has-symbols@npm:^1.0.3":
  version: 1.0.3
  resolution: "has-symbols@npm:1.0.3"
  checksum: e6922b4345a3f37069cdfe8600febbca791c94988c01af3394d86ca3360b4b93928bbf395859158f88099cb10b19d98e3bbab7c9ff2c1bd09cf665ee90afa2c3
  languageName: node
  linkType: hard

"has-tostringtag@npm:^1.0.0, has-tostringtag@npm:^1.0.2":
  version: 1.0.2
  resolution: "has-tostringtag@npm:1.0.2"
  dependencies:
    has-symbols: ^1.0.3
  checksum: a8b166462192bafe3d9b6e420a1d581d93dd867adb61be223a17a8d6dad147aa77a8be32c961bb2f27b3ef893cae8d36f564ab651f5e9b7938ae86f74027c48c
  languageName: node
  linkType: hard

"hasown@npm:^2.0.0":
  version: 2.0.2
  resolution: "hasown@npm:2.0.2"
  dependencies:
    function-bind: ^1.1.2
  checksum: 3769d434703b8ac66b209a4cca0737519925bbdb61dd887f93a16372b14694c63ff4e797686d87c90f08168e81082248b9b028bad60d4da9e0d1148766f56eb9
  languageName: node
  linkType: hard

"inherits@npm:^2.0.3":
  version: 2.0.4
  resolution: "inherits@npm:2.0.4"
  checksum: 4e531f648b29039fb7426fb94075e6545faa1eb9fe83c29f0b6d9e7263aceb4289d2d4557db0d428188eeb449cc7c5e77b0a0b2c4e248ff2a65933a0dee49ef2
  languageName: node
  linkType: hard

"is-arguments@npm:^1.0.4":
  version: 1.1.1
  resolution: "is-arguments@npm:1.1.1"
  dependencies:
    call-bind: ^1.0.2
    has-tostringtag: ^1.0.0
  checksum: 5ff1f341ee4475350adfc14b2328b38962564b7c2076be2f5bac7bd9b61779efba99b9f844a7b82ba7654adccf8e8eb19d1bb0cc6d1c1a085e498f6793d4328f
  languageName: node
  linkType: hard

"is-callable@npm:^1.1.3":
  version: 1.2.7
  resolution: "is-callable@npm:1.2.7"
  checksum: ceebaeb9d92e8adee604076971dd6000d38d6afc40bb843ea8e45c5579b57671c3f3b50d7f04869618242c6cee08d1b67806a8cb8edaaaf7c0748b3720d6066f
  languageName: node
  linkType: hard

"is-generator-function@npm:^1.0.7":
  version: 1.0.10
  resolution: "is-generator-function@npm:1.0.10"
  dependencies:
    has-tostringtag: ^1.0.0
  checksum: df03514df01a6098945b5a0cfa1abff715807c8e72f57c49a0686ad54b3b74d394e2d8714e6f709a71eb00c9630d48e73ca1796c1ccc84ac95092c1fecc0d98b
  languageName: node
  linkType: hard

"is-typed-array@npm:^1.1.3":
  version: 1.1.13
  resolution: "is-typed-array@npm:1.1.13"
  dependencies:
    which-typed-array: ^1.1.14
  checksum: fa5cb97d4a80e52c2cc8ed3778e39f175a1a2ae4ddf3adae3187d69586a1fd57cfa0b095db31f66aa90331e9e3da79184cea9c6abdcd1abc722dc3c3edd51cca
  languageName: node
  linkType: hard

"isomorphic-ws@npm:^5.0.0":
  version: 5.0.0
  resolution: "isomorphic-ws@npm:5.0.0"
  peerDependencies:
    ws: "*"
  checksum: a058ac8b5e6efe9e46252cb0bc67fd325005d7216451d1a51238bc62d7da8486f828ef017df54ddf742e0fffcbe4b1bcc2a66cc115b027ed0180334cd18df252
  languageName: node
  linkType: hard

"node-fetch@npm:^2.6.12":
  version: 2.7.0
  resolution: "node-fetch@npm:2.7.0"
  dependencies:
    whatwg-url: ^5.0.0
  peerDependencies:
    encoding: ^0.1.0
  peerDependenciesMeta:
    encoding:
      optional: true
  checksum: b55786b6028208e6fbe594ccccc213cab67a72899c9234eb59dba51062a299ea853210fcf526998eaa2867b0963ad72338824450905679ff0fa304b8c5093ae8
  languageName: node
  linkType: hard

"possible-typed-array-names@npm:^1.0.0":
  version: 1.0.0
  resolution: "possible-typed-array-names@npm:1.0.0"
  checksum: d9aa22d31f4f7680e20269db76791b41c3a32c01a373e25f8a4813b4d45f7456bfc2b6d68f752dc4aab0e0bb0721cb3d76fb678c9101cb7a16316664bc2c73fd
  languageName: node
  linkType: hard

"set-function-length@npm:^1.2.1":
  version: 1.2.2
  resolution: "set-function-length@npm:1.2.2"
  dependencies:
    define-data-property: ^1.1.4
    es-errors: ^1.3.0
    function-bind: ^1.1.2
    get-intrinsic: ^1.2.4
    gopd: ^1.0.1
    has-property-descriptors: ^1.0.2
  checksum: 82850e62f412a258b71e123d4ed3873fa9377c216809551192bb6769329340176f109c2eeae8c22a8d386c76739855f78e8716515c818bcaef384b51110f0f3c
  languageName: node
  linkType: hard

"setimmediate@npm:^1.0.5":
  version: 1.0.5
  resolution: "setimmediate@npm:1.0.5"
  checksum: 5bae81bfdbfbd0ce992893286d49c9693c82b1bcc00dcaaf3a09c8f428fdeacf4190c013598b81875dfac2b08a572422db7df779a99332d0fce186d15a3e4d49
  languageName: node
  linkType: hard

"tr46@npm:~0.0.3":
  version: 0.0.3
  resolution: "tr46@npm:0.0.3"
  checksum: 047cb209a6b60c742f05c9d3ace8fa510bff609995c129a37ace03476a9b12db4dbf975e74600830ef0796e18882b2381fb5fb1f6b4f96b832c374de3ab91a11
  languageName: node
  linkType: hard

"typescript@npm:^5.4.2":
  version: 5.4.2
  resolution: "typescript@npm:5.4.2"
  bin:
    tsc: bin/tsc
    tsserver: bin/tsserver
  checksum: 583ff68cafb0c076695f72d61df6feee71689568179fb0d3a4834dac343df6b6ed7cf7b6f6c801fa52d43cd1d324e2f2d8ae4497b09f9e6cfe3d80a6d6c9ca52
  languageName: node
  linkType: hard

"typescript@patch:typescript@^5.4.2#~builtin<compat/typescript>":
  version: 5.4.2
  resolution: "typescript@patch:typescript@npm%3A5.4.2#~builtin<compat/typescript>::version=5.4.2&hash=7ad353"
  bin:
    tsc: bin/tsc
    tsserver: bin/tsserver
  checksum: 22e2f213c3ffe5960c5eaec6c95c04e01858fed57a94be250746f540b935b2c18c3c3fc80d3ab65d28c0aba1eb76284557ba3bf521d28caee811c44ba2b648f9
  languageName: node
  linkType: hard

"undici-types@npm:~5.26.4":
  version: 5.26.5
  resolution: "undici-types@npm:5.26.5"
  checksum: bb673d7876c2d411b6eb6c560e0c571eef4a01c1c19925175d16e3a30c4c428181fb8d7ae802a261f283e4166a0ac435e2f505743aa9e45d893f9a3df017b501
  languageName: node
  linkType: hard

"util@npm:^0.12.5":
  version: 0.12.5
  resolution: "util@npm:0.12.5"
  dependencies:
    inherits: ^2.0.3
    is-arguments: ^1.0.4
    is-generator-function: ^1.0.7
    is-typed-array: ^1.1.3
    which-typed-array: ^1.1.2
  checksum: c27054de2cea2229a66c09522d0fa1415fb12d861d08523a8846bf2e4cbf0079d4c3f725f09dcb87493549bcbf05f5798dce1688b53c6c17201a45759e7253f3
  languageName: node
  linkType: hard

"web3-core@npm:^4.3.0, web3-core@npm:^4.3.2":
  version: 4.3.2
  resolution: "web3-core@npm:4.3.2"
  dependencies:
    web3-errors: ^1.1.4
    web3-eth-accounts: ^4.1.0
    web3-eth-iban: ^4.0.7
    web3-providers-http: ^4.1.0
    web3-providers-ipc: ^4.0.7
    web3-providers-ws: ^4.0.7
    web3-types: ^1.3.1
    web3-utils: ^4.1.0
    web3-validator: ^2.0.3
  dependenciesMeta:
    web3-providers-ipc:
      optional: true
  checksum: c8a575a55a4f2e276d2f621f4d9bc907687d2bb8a6f5072390b0e988e85bb014a8981ef5f56d5e2296913e5ef26243907b2cf66d2b26f9216cd2af329e8b3c31
  languageName: node
  linkType: hard

"web3-errors@npm:^1.1.3, web3-errors@npm:^1.1.4":
  version: 1.1.4
  resolution: "web3-errors@npm:1.1.4"
  dependencies:
    web3-types: ^1.3.1
  checksum: a87d2846cfa8dd007fe3b3b474e1e83eaa0609b973413b9bd64f993a34ad6ce527606d4d09bcdcacb352a0b50a084e55ff50100b55d237a2500e22eb84e83e7d
  languageName: node
  linkType: hard

"web3-eth-abi@npm:^4.2.0":
  version: 4.2.0
  resolution: "web3-eth-abi@npm:4.2.0"
  dependencies:
    abitype: 0.7.1
    web3-errors: ^1.1.4
    web3-types: ^1.3.1
    web3-utils: ^4.1.1
    web3-validator: ^2.0.4
  checksum: f5af1d7370d069791bdecf12e4d4caa8075f5f90701f444793e18c0177175c5ab449e3c841b086a18c1672f307b1dc102ca37668099377d008a51306b60869e3
  languageName: node
  linkType: hard

"web3-eth-accounts@npm:^4.1.0, web3-eth-accounts@npm:^4.1.1":
  version: 4.1.1
  resolution: "web3-eth-accounts@npm:4.1.1"
  dependencies:
    "@ethereumjs/rlp": ^4.0.1
    crc-32: ^1.2.2
    ethereum-cryptography: ^2.0.0
    web3-errors: ^1.1.4
    web3-types: ^1.3.1
    web3-utils: ^4.1.1
    web3-validator: ^2.0.4
  checksum: 43c866840849227728c6d2a36ab503c5bfd3486245b393789a58053621552e05b2dbbd8178a2f9b9fc274f742fc6fdd1dd54af2449efea322fe9e67ba3680d51
  languageName: node
  linkType: hard

"web3-eth-contract@npm:^4.2.0":
  version: 4.2.0
  resolution: "web3-eth-contract@npm:4.2.0"
  dependencies:
    web3-core: ^4.3.2
    web3-errors: ^1.1.4
    web3-eth: ^4.4.0
    web3-eth-abi: ^4.2.0
    web3-types: ^1.3.1
    web3-utils: ^4.1.1
    web3-validator: ^2.0.4
  checksum: a2cefbbb67a4bb43b1625d3f6d4061ce45b50c560e2b5896ba87e31f05b4746cce2fe5c05a8ef73aa9df454857286f24de6de3eefc23cf84c717af9752049558
  languageName: node
  linkType: hard

"web3-eth-ens@npm:^4.1.0":
  version: 4.1.0
  resolution: "web3-eth-ens@npm:4.1.0"
  dependencies:
    "@adraffy/ens-normalize": ^1.8.8
    web3-core: ^4.3.2
    web3-errors: ^1.1.4
    web3-eth: ^4.5.0
    web3-eth-contract: ^4.2.0
    web3-net: ^4.0.7
    web3-types: ^1.5.0
    web3-utils: ^4.2.1
    web3-validator: ^2.0.4
  checksum: c783a7a239893f9eb6c278f63e4af429d9fb9b6f38c61e93a1c440b4acac47b48a9210f1e105c2feec9cd4e578b11503bfa8efba9d70d87edb409a4d21908833
  languageName: node
  linkType: hard

"web3-eth-iban@npm:^4.0.7":
  version: 4.0.7
  resolution: "web3-eth-iban@npm:4.0.7"
  dependencies:
    web3-errors: ^1.1.3
    web3-types: ^1.3.0
    web3-utils: ^4.0.7
    web3-validator: ^2.0.3
  checksum: f1e74106afa40a662a9f2a8095a8d9fe76bbd011dfa00fdde5d759db6b99968771bb1d4afa810ff9bb38970db7b871c21869c786ae9bb4abaa2bf8298cfc0121
  languageName: node
  linkType: hard

"web3-eth-personal@npm:^4.0.8":
  version: 4.0.8
  resolution: "web3-eth-personal@npm:4.0.8"
  dependencies:
    web3-core: ^4.3.0
    web3-eth: ^4.3.1
    web3-rpc-methods: ^1.1.3
    web3-types: ^1.3.0
    web3-utils: ^4.0.7
    web3-validator: ^2.0.3
  checksum: 5078894b4d8abd343876382beae7fbb4d206e7c8c50d1701950ed0b32c506b4a354fee7375662baf73c4adea8a961ec0b35656b63e2b13f6ef49da48f075742c
  languageName: node
  linkType: hard

"web3-eth@npm:^4.3.1, web3-eth@npm:^4.4.0, web3-eth@npm:^4.5.0":
  version: 4.5.0
  resolution: "web3-eth@npm:4.5.0"
  dependencies:
    setimmediate: ^1.0.5
    web3-core: ^4.3.2
    web3-errors: ^1.1.4
    web3-eth-abi: ^4.2.0
    web3-eth-accounts: ^4.1.1
    web3-net: ^4.0.7
    web3-providers-ws: ^4.0.7
    web3-rpc-methods: ^1.2.0
    web3-types: ^1.5.0
    web3-utils: ^4.2.1
    web3-validator: ^2.0.4
  checksum: 8c7fd64022ff357bc53c5109cdd87f336d0c7de6c0c9e974ec05127259b4f1a22d426a2691aade4a1ef1d161cfc087d9671bc817051e8bb05dcd42c0703f2365
  languageName: node
  linkType: hard

"web3-net@npm:^4.0.7":
  version: 4.0.7
  resolution: "web3-net@npm:4.0.7"
  dependencies:
    web3-core: ^4.3.0
    web3-rpc-methods: ^1.1.3
    web3-types: ^1.3.0
    web3-utils: ^4.0.7
  checksum: fc82539eeac18363dbcabcb5f79ce92351d025a3414fe69a120e0a46940fe2b80293c434df4bdb31f953853f833d71494e97461afa71abff6f35d5066237dbff
  languageName: node
  linkType: hard

"web3-providers-http@npm:^4.1.0":
  version: 4.1.0
  resolution: "web3-providers-http@npm:4.1.0"
  dependencies:
    cross-fetch: ^4.0.0
    web3-errors: ^1.1.3
    web3-types: ^1.3.0
    web3-utils: ^4.0.7
  checksum: 99c75abc4041b6959935b85055c07c0ad7f2cfb14b7b0a86ac5999167c6398b135ccb908a26924ef1a265e5ea9d2b8ab57e0f4e79534ac88147952fa69040dd6
  languageName: node
  linkType: hard

"web3-providers-ipc@npm:^4.0.7":
  version: 4.0.7
  resolution: "web3-providers-ipc@npm:4.0.7"
  dependencies:
    web3-errors: ^1.1.3
    web3-types: ^1.3.0
    web3-utils: ^4.0.7
  checksum: 3eb1db6514e8d9cf8d8d9e34d215deda6b68129df276bd0854ed16f01546d53a7ae2640d4788f9947ecd94ef9d2a905dd16b4d233f48712f7b9c4d1b4ffedc86
  languageName: node
  linkType: hard

"web3-providers-ws@npm:^4.0.7":
  version: 4.0.7
  resolution: "web3-providers-ws@npm:4.0.7"
  dependencies:
    "@types/ws": 8.5.3
    isomorphic-ws: ^5.0.0
    web3-errors: ^1.1.3
    web3-types: ^1.3.0
    web3-utils: ^4.0.7
    ws: ^8.8.1
  checksum: 23b1496456853a281a1202c0b6ad59041c2e58197086bf8ec71c7d30db2f2689ed8fec0e1895ee98f6873cde3dc5d6f6b481c7dc1481c8b903381b9736ca2d4c
  languageName: node
  linkType: hard

"web3-rpc-methods@npm:^1.1.3, web3-rpc-methods@npm:^1.2.0":
  version: 1.2.0
  resolution: "web3-rpc-methods@npm:1.2.0"
  dependencies:
    web3-core: ^4.3.2
    web3-types: ^1.5.0
    web3-validator: ^2.0.4
  checksum: 90ed6215ddaa63333e0d3b57cd830aa9d83e2f8f7d50b0cfb4e5dc1684042e0aa108667d024c4ad0559b1cf836f813378361fe488b778d4fea7618e192713518
  languageName: node
  linkType: hard

"web3-types@npm:^1.3.0, web3-types@npm:^1.3.1, web3-types@npm:^1.5.0":
  version: 1.5.0
  resolution: "web3-types@npm:1.5.0"
  checksum: b71bf032f126dd2fcda8718d02302da6fc0ce65d0c6eb9d195b14a1c845c5fa2a56f7261217438f86901f5f3a325c0a8507d66c200ef73676aa31b7362acd9fd
  languageName: node
  linkType: hard

"web3-utils@npm:^4.0.7, web3-utils@npm:^4.1.0, web3-utils@npm:^4.1.1, web3-utils@npm:^4.2.1":
  version: 4.2.1
  resolution: "web3-utils@npm:4.2.1"
  dependencies:
    ethereum-cryptography: ^2.0.0
    eventemitter3: ^5.0.1
    web3-errors: ^1.1.4
    web3-types: ^1.5.0
    web3-validator: ^2.0.4
  checksum: 73352c6a7bd2b1c5f792e4b2e139f1d3c37941d70f1bc266eafcf7f611f42848c5e413b62d8dd983aa4b8a0e945a1c0bc166b7bcdb9c3bdb8b4bff7b6cde53ce
  languageName: node
  linkType: hard

"web3-validator@npm:^2.0.3, web3-validator@npm:^2.0.4":
  version: 2.0.4
  resolution: "web3-validator@npm:2.0.4"
  dependencies:
    ethereum-cryptography: ^2.0.0
    util: ^0.12.5
    web3-errors: ^1.1.4
    web3-types: ^1.3.1
    zod: ^3.21.4
  checksum: 4bca91ca5b911c26c32bf56c3612ce364ad3c72f50d95cfb754f29481fc911216f248f77613b77872aae9c264ff303a9291358afaf7d8e7cb1c1af440aada71e
  languageName: node
  linkType: hard

"web3@npm:^4.6.0":
  version: 4.6.0
  resolution: "web3@npm:4.6.0"
  dependencies:
    web3-core: ^4.3.2
    web3-errors: ^1.1.4
    web3-eth: ^4.5.0
    web3-eth-abi: ^4.2.0
    web3-eth-accounts: ^4.1.1
    web3-eth-contract: ^4.2.0
    web3-eth-ens: ^4.1.0
    web3-eth-iban: ^4.0.7
    web3-eth-personal: ^4.0.8
    web3-net: ^4.0.7
    web3-providers-http: ^4.1.0
    web3-providers-ws: ^4.0.7
    web3-rpc-methods: ^1.2.0
    web3-types: ^1.5.0
    web3-utils: ^4.2.1
    web3-validator: ^2.0.4
  checksum: a6ba9b7d0805e53fd06b04ea6efabec01f4d1abd1a22e37fac1e2683232819bc754440559c5af2b2b483be7d6b70001ce86bf7e0b5886e7776fa2d02252fa461
  languageName: node
  linkType: hard

"web3js-v4-validator-int@workspace:.":
  version: 0.0.0-use.local
  resolution: "web3js-v4-validator-int@workspace:."
  dependencies:
    typescript: ^5.4.2
    web3: ^4.6.0
  languageName: unknown
  linkType: soft

"webidl-conversions@npm:^3.0.0":
  version: 3.0.1
  resolution: "webidl-conversions@npm:3.0.1"
  checksum: 5612d5f3e54760a797052eb4927f0ddc01383550f542ccd33d5238cfd65aeed392a45ad38364970d0a0f4fea32e1f4d231b3d8dac4a3bdd385e5cf802ae097db
  languageName: node
  linkType: hard

"whatwg-url@npm:^5.0.0":
  version: 5.0.0
  resolution: "whatwg-url@npm:5.0.0"
  dependencies:
    tr46: ~0.0.3
    webidl-conversions: ^3.0.0
  checksum: 1588bed84d10b72d5eec1d0faa0722ba1962f1821e7539c535558fb5398d223b0c50d8acab950b8c488b4ba69043fd833cc2697056b167d8ad46fac3995a55d5
  languageName: node
  linkType: hard

"which-typed-array@npm:^1.1.14, which-typed-array@npm:^1.1.2":
  version: 1.1.15
  resolution: "which-typed-array@npm:1.1.15"
  dependencies:
    available-typed-arrays: ^1.0.7
    call-bind: ^1.0.7
    for-each: ^0.3.3
    gopd: ^1.0.1
    has-tostringtag: ^1.0.2
  checksum: 4465d5348c044032032251be54d8988270e69c6b7154f8fcb2a47ff706fe36f7624b3a24246b8d9089435a8f4ec48c1c1025c5d6b499456b9e5eff4f48212983
  languageName: node
  linkType: hard

"ws@npm:^8.8.1":
  version: 8.16.0
  resolution: "ws@npm:8.16.0"
  peerDependencies:
    bufferutil: ^4.0.1
    utf-8-validate: ">=5.0.2"
  peerDependenciesMeta:
    bufferutil:
      optional: true
    utf-8-validate:
      optional: true
  checksum: a7783bb421c648b1e622b423409cb2a58ac5839521d2f689e84bc9dc41d59379c692dd405b15a997ea1d4c0c2e5314ad707332d0c558f15232d2bc07c0b4618a
  languageName: node
  linkType: hard

"zod@npm:^3.21.4":
  version: 3.22.4
  resolution: "zod@npm:3.22.4"
  checksum: 7578ab283dac0eee66a0ad0fc4a7f28c43e6745aadb3a529f59a4b851aa10872b3890398b3160f257f4b6817b4ce643debdda4fb21a2c040adda7862cab0a587
  languageName: node
  linkType: hard
